
Microsoft Visual Studio Solution File, Format Version 12.00
# Visual Studio Version 17
VisualStudioVersion = 17.9.34622.214
MinimumVisualStudioVersion = 10.0.40219.1
Project("{FAE04EC0-301F-11D3-BF4B-00C04F79EFBC}") = "ExamineStack-initial", "ExamineStack-initial\ExamineStack-initial.csproj", "{60C497AC-BEDA-4C2A-8E9F-D31ECB0EF4D3}"
EndProject
Global
	GlobalSection(SolutionConfigurationPlatforms) = preSolution
		Debug|Any CPU = Debug|Any CPU
		Release|Any CPU = Release|Any CPU
	EndGlobalSection
	GlobalSection(ProjectConfigurationPlatforms) = postSolution
		{60C497AC-BEDA-4C2A-8E9F-D31ECB0EF4D3}.Debug|Any CPU.ActiveCfg = Debug|Any CPU
		{60C497AC-BEDA-4C2A-8E9F-D31ECB0EF4D3}.Debug|Any CPU.Build.0 = Debug|Any CPU
		{60C497AC-BEDA-4C2A-8E9F-D31ECB0EF4D3}.Release|Any CPU.ActiveCfg = Release|Any CPU
		{60C497AC-BEDA-4C2A-8E9F-D31ECB0EF4D3}.Release|Any CPU.Build.0 = Release|Any CPU
	EndGlobalSection
	GlobalSection(SolutionProperties) = preSolution
		HideSolutionNode = FALSE
	EndGlobalSection
	GlobalSection(ExtensibilityGlobals) = postSolution
		SolutionGuid = {A3FB47BE-01AA-4462-AAA6-785C3CF5A5E0}
	EndGlobalSection
EndGlobal
